// !$*UTF8*$!
{
	archiveVersion = 1;
	classes = {
	};
	objectVersion = 55;
	objects = {

/* Begin PBXBuildFile section */
		4E128397285F19DD00CDFFDB /* FriendsCell.swift in Sources */ = {isa = PBXBuildFile; fileRef = 4E128396285F19DD00CDFFDB /* FriendsCell.swift */; };
		4E1EB9B5285BACC30033121F /* TestSwiftUIApp.swift in Sources */ = {isa = PBXBuildFile; fileRef = 4E1EB9B4285BACC30033121F /* TestSwiftUIApp.swift */; };
		4E1EB9B7285BACC30033121F /* VKLogin.swift in Sources */ = {isa = PBXBuildFile; fileRef = 4E1EB9B6285BACC30033121F /* VKLogin.swift */; };
		4E1EB9B9285BACC50033121F /* Assets.xcassets in Resources */ = {isa = PBXBuildFile; fileRef = 4E1EB9B8285BACC50033121F /* Assets.xcassets */; };
		4E1EB9BC285BACC50033121F /* Preview Assets.xcassets in Resources */ = {isa = PBXBuildFile; fileRef = 4E1EB9BB285BACC50033121F /* Preview Assets.xcassets */; };
		4E1EB9C6285BACC50033121F /* TestSwiftUITests.swift in Sources */ = {isa = PBXBuildFile; fileRef = 4E1EB9C5285BACC50033121F /* TestSwiftUITests.swift */; };
		4E1EB9D0285BACC50033121F /* TestSwiftUIUITests.swift in Sources */ = {isa = PBXBuildFile; fileRef = 4E1EB9CF285BACC50033121F /* TestSwiftUIUITests.swift */; };
		4E1EB9D2285BACC50033121F /* TestSwiftUIUITestsLaunchTests.swift in Sources */ = {isa = PBXBuildFile; fileRef = 4E1EB9D1285BACC50033121F /* TestSwiftUIUITestsLaunchTests.swift */; };
		4E32B12E285F389800030D8D /* CircleShadow.swift in Sources */ = {isa = PBXBuildFile; fileRef = 4E32B12D285F389800030D8D /* CircleShadow.swift */; };
		4E32B131285F48DF00030D8D /* IconImageViewBuilder.swift in Sources */ = {isa = PBXBuildFile; fileRef = 4E32B130285F48DF00030D8D /* IconImageViewBuilder.swift */; };
		4E32B134285F4AEB00030D8D /* GroupsCell.swift in Sources */ = {isa = PBXBuildFile; fileRef = 4E32B133285F4AEB00030D8D /* GroupsCell.swift */; };
		4E32B137285F4F6A00030D8D /* BackgroundImage.swift in Sources */ = {isa = PBXBuildFile; fileRef = 4E32B136285F4F6A00030D8D /* BackgroundImage.swift */; };
		4E32B139285F511A00030D8D /* NameTextViewBuilder.swift in Sources */ = {isa = PBXBuildFile; fileRef = 4E32B138285F511A00030D8D /* NameTextViewBuilder.swift */; };
		4E32B13C28670CD600030D8D /* ContainerView.swift in Sources */ = {isa = PBXBuildFile; fileRef = 4E32B13B28670CD600030D8D /* ContainerView.swift */; };
		4E32B14328685DE200030D8D /* Friend.swift in Sources */ = {isa = PBXBuildFile; fileRef = 4E32B14228685DE200030D8D /* Friend.swift */; };
		4E32B14528685DED00030D8D /* Group.swift in Sources */ = {isa = PBXBuildFile; fileRef = 4E32B14428685DED00030D8D /* Group.swift */; };
		4E32B1472868609F00030D8D /* FriendsView.swift in Sources */ = {isa = PBXBuildFile; fileRef = 4E32B1462868609F00030D8D /* FriendsView.swift */; };
		4E32B149286860B700030D8D /* GroupsView.swift in Sources */ = {isa = PBXBuildFile; fileRef = 4E32B148286860B700030D8D /* GroupsView.swift */; };
		4E32B14B28687B4A00030D8D /* FriendMainMenu.swift in Sources */ = {isa = PBXBuildFile; fileRef = 4E32B14A28687B4A00030D8D /* FriendMainMenu.swift */; };
		4E32B14D28687D1C00030D8D /* GroupsMainMenu.swift in Sources */ = {isa = PBXBuildFile; fileRef = 4E32B14C28687D1C00030D8D /* GroupsMainMenu.swift */; };
		4E32B1502868A57100030D8D /* MainMenuView.swift in Sources */ = {isa = PBXBuildFile; fileRef = 4E32B14F2868A57100030D8D /* MainMenuView.swift */; };
		4E32B1532868ABF700030D8D /* NewsView.swift in Sources */ = {isa = PBXBuildFile; fileRef = 4E32B1522868ABF700030D8D /* NewsView.swift */; };
		4E32B155286A0F1B00030D8D /* VKLoginWebView.swift in Sources */ = {isa = PBXBuildFile; fileRef = 4E32B154286A0F1B00030D8D /* VKLoginWebView.swift */; };
/* End PBXBuildFile section */

/* Begin PBXContainerItemProxy section */
		4E1EB9C2285BACC50033121F /* PBXContainerItemProxy */ = {
			isa = PBXContainerItemProxy;
			containerPortal = 4E1EB9A9285BACC30033121F /* Project object */;
			proxyType = 1;
			remoteGlobalIDString = 4E1EB9B0285BACC30033121F;
			remoteInfo = TestSwiftUI;
		};
		4E1EB9CC285BACC50033121F /* PBXContainerItemProxy */ = {
			isa = PBXContainerItemProxy;
			containerPortal = 4E1EB9A9285BACC30033121F /* Project object */;
			proxyType = 1;
			remoteGlobalIDString = 4E1EB9B0285BACC30033121F;
			remoteInfo = TestSwiftUI;
		};
/* End PBXContainerItemProxy section */

/* Begin PBXFileReference section */
		4E128396285F19DD00CDFFDB /* FriendsCell.swift */ = {isa = PBXFileReference; lastKnownFileType = sourcecode.swift; path = FriendsCell.swift; sourceTree = "<group>"; };
		4E1EB9B1285BACC30033121F /* TestSwiftUI.app */ = {isa = PBXFileReference; explicitFileType = wrapper.application; includeInIndex = 0; path = TestSwiftUI.app; sourceTree = BUILT_PRODUCTS_DIR; };
		4E1EB9B4285BACC30033121F /* TestSwiftUIApp.swift */ = {isa = PBXFileReference; lastKnownFileType = sourcecode.swift; path = TestSwiftUIApp.swift; sourceTree = "<group>"; };
		4E1EB9B6285BACC30033121F /* VKLogin.swift */ = {isa = PBXFileReference; lastKnownFileType = sourcecode.swift; path = VKLogin.swift; sourceTree = "<group>"; };
		4E1EB9B8285BACC50033121F /* Assets.xcassets */ = {isa = PBXFileReference; lastKnownFileType = folder.assetcatalog; path = Assets.xcassets; sourceTree = "<group>"; };
		4E1EB9BB285BACC50033121F /* Preview Assets.xcassets */ = {isa = PBXFileReference; lastKnownFileType = folder.assetcatalog; path = "Preview Assets.xcassets"; sourceTree = "<group>"; };
		4E1EB9C1285BACC50033121F /* TestSwiftUITests.xctest */ = {isa = PBXFileReference; explicitFileType = wrapper.cfbundle; includeInIndex = 0; path = TestSwiftUITests.xctest; sourceTree = BUILT_PRODUCTS_DIR; };
		4E1EB9C5285BACC50033121F /* TestSwiftUITests.swift */ = {isa = PBXFileReference; lastKnownFileType = sourcecode.swift; path = TestSwiftUITests.swift; sourceTree = "<group>"; };
		4E1EB9CB285BACC50033121F /* TestSwiftUIUITests.xctest */ = {isa = PBXFileReference; explicitFileType = wrapper.cfbundle; includeInIndex = 0; path = TestSwiftUIUITests.xctest; sourceTree = BUILT_PRODUCTS_DIR; };
		4E1EB9CF285BACC50033121F /* TestSwiftUIUITests.swift */ = {isa = PBXFileReference; lastKnownFileType = sourcecode.swift; path = TestSwiftUIUITests.swift; sourceTree = "<group>"; };
		4E1EB9D1285BACC50033121F /* TestSwiftUIUITestsLaunchTests.swift */ = {isa = PBXFileReference; lastKnownFileType = sourcecode.swift; path = TestSwiftUIUITestsLaunchTests.swift; sourceTree = "<group>"; };
		4E32B12D285F389800030D8D /* CircleShadow.swift */ = {isa = PBXFileReference; lastKnownFileType = sourcecode.swift; path = CircleShadow.swift; sourceTree = "<group>"; };
		4E32B130285F48DF00030D8D /* IconImageViewBuilder.swift */ = {isa = PBXFileReference; lastKnownFileType = sourcecode.swift; path = IconImageViewBuilder.swift; sourceTree = "<group>"; };
		4E32B133285F4AEB00030D8D /* GroupsCell.swift */ = {isa = PBXFileReference; lastKnownFileType = sourcecode.swift; path = GroupsCell.swift; sourceTree = "<group>"; };
		4E32B136285F4F6A00030D8D /* BackgroundImage.swift */ = {isa = PBXFileReference; lastKnownFileType = sourcecode.swift; path = BackgroundImage.swift; sourceTree = "<group>"; };
		4E32B138285F511A00030D8D /* NameTextViewBuilder.swift */ = {isa = PBXFileReference; lastKnownFileType = sourcecode.swift; path = NameTextViewBuilder.swift; sourceTree = "<group>"; };
		4E32B13B28670CD600030D8D /* ContainerView.swift */ = {isa = PBXFileReference; lastKnownFileType = sourcecode.swift; path = ContainerView.swift; sourceTree = "<group>"; };
		4E32B14228685DE200030D8D /* Friend.swift */ = {isa = PBXFileReference; lastKnownFileType = sourcecode.swift; path = Friend.swift; sourceTree = "<group>"; };
		4E32B14428685DED00030D8D /* Group.swift */ = {isa = PBXFileReference; lastKnownFileType = sourcecode.swift; path = Group.swift; sourceTree = "<group>"; };
		4E32B1462868609F00030D8D /* FriendsView.swift */ = {isa = PBXFileReference; lastKnownFileType = sourcecode.swift; path = FriendsView.swift; sourceTree = "<group>"; };
		4E32B148286860B700030D8D /* GroupsView.swift */ = {isa = PBXFileReference; lastKnownFileType = sourcecode.swift; path = GroupsView.swift; sourceTree = "<group>"; };
		4E32B14A28687B4A00030D8D /* FriendMainMenu.swift */ = {isa = PBXFileReference; lastKnownFileType = sourcecode.swift; path = FriendMainMenu.swift; sourceTree = "<group>"; };
		4E32B14C28687D1C00030D8D /* GroupsMainMenu.swift */ = {isa = PBXFileReference; lastKnownFileType = sourcecode.swift; path = GroupsMainMenu.swift; sourceTree = "<group>"; };
		4E32B14F2868A57100030D8D /* MainMenuView.swift */ = {isa = PBXFileReference; lastKnownFileType = sourcecode.swift; path = MainMenuView.swift; sourceTree = "<group>"; };
		4E32B1522868ABF700030D8D /* NewsView.swift */ = {isa = PBXFileReference; lastKnownFileType = sourcecode.swift; path = NewsView.swift; sourceTree = "<group>"; };
		4E32B154286A0F1B00030D8D /* VKLoginWebView.swift */ = {isa = PBXFileReference; lastKnownFileType = sourcecode.swift; path = VKLoginWebView.swift; sourceTree = "<group>"; };
/* End PBXFileReference section */

/* Begin PBXFrameworksBuildPhase section */
		4E1EB9AE285BACC30033121F /* Frameworks */ = {
			isa = PBXFrameworksBuildPhase;
			buildActionMask = 2147483647;
			files = (
			);
			runOnlyForDeploymentPostprocessing = 0;
		};
		4E1EB9BE285BACC50033121F /* Frameworks */ = {
			isa = PBXFrameworksBuildPhase;
			buildActionMask = 2147483647;
			files = (
			);
			runOnlyForDeploymentPostprocessing = 0;
		};
		4E1EB9C8285BACC50033121F /* Frameworks */ = {
			isa = PBXFrameworksBuildPhase;
			buildActionMask = 2147483647;
			files = (
			);
			runOnlyForDeploymentPostprocessing = 0;
		};
/* End PBXFrameworksBuildPhase section */

/* Begin PBXGroup section */
		4E1EB9A8285BACC30033121F = {
			isa = PBXGroup;
			children = (
				4E1EB9B3285BACC30033121F /* TestSwiftUI */,
				4E1EB9C4285BACC50033121F /* TestSwiftUITests */,
				4E1EB9CE285BACC50033121F /* TestSwiftUIUITests */,
				4E1EB9B2285BACC30033121F /* Products */,
			);
			sourceTree = "<group>";
		};
		4E1EB9B2285BACC30033121F /* Products */ = {
			isa = PBXGroup;
			children = (
				4E1EB9B1285BACC30033121F /* TestSwiftUI.app */,
				4E1EB9C1285BACC50033121F /* TestSwiftUITests.xctest */,
				4E1EB9CB285BACC50033121F /* TestSwiftUIUITests.xctest */,
			);
			name = Products;
			sourceTree = "<group>";
		};
		4E1EB9B3285BACC30033121F /* TestSwiftUI */ = {
			isa = PBXGroup;
			children = (
				4E1EB9B4285BACC30033121F /* TestSwiftUIApp.swift */,
				4E1EB9B8285BACC50033121F /* Assets.xcassets */,
				4E32B135285F4E8800030D8D /* Screens */,
				4E1EB9BA285BACC50033121F /* Preview Content */,
				4E32B132285F48E500030D8D /* ViewBuilder */,
				4E32B12F285F46FD00030D8D /* ViewModifire */,
			);
			path = TestSwiftUI;
			sourceTree = "<group>";
		};
		4E1EB9BA285BACC50033121F /* Preview Content */ = {
			isa = PBXGroup;
			children = (
				4E1EB9BB285BACC50033121F /* Preview Assets.xcassets */,
			);
			path = "Preview Content";
			sourceTree = "<group>";
		};
		4E1EB9C4285BACC50033121F /* TestSwiftUITests */ = {
			isa = PBXGroup;
			children = (
				4E1EB9C5285BACC50033121F /* TestSwiftUITests.swift */,
			);
			path = TestSwiftUITests;
			sourceTree = "<group>";
		};
		4E1EB9CE285BACC50033121F /* TestSwiftUIUITests */ = {
			isa = PBXGroup;
			children = (
				4E1EB9CF285BACC50033121F /* TestSwiftUIUITests.swift */,
				4E1EB9D1285BACC50033121F /* TestSwiftUIUITestsLaunchTests.swift */,
			);
			path = TestSwiftUIUITests;
			sourceTree = "<group>";
		};
		4E32B12F285F46FD00030D8D /* ViewModifire */ = {
			isa = PBXGroup;
			children = (
				4E32B12D285F389800030D8D /* CircleShadow.swift */,
			);
			path = ViewModifire;
			sourceTree = "<group>";
		};
		4E32B132285F48E500030D8D /* ViewBuilder */ = {
			isa = PBXGroup;
			children = (
				4E32B130285F48DF00030D8D /* IconImageViewBuilder.swift */,
				4E32B136285F4F6A00030D8D /* BackgroundImage.swift */,
				4E32B138285F511A00030D8D /* NameTextViewBuilder.swift */,
			);
			path = ViewBuilder;
			sourceTree = "<group>";
		};
		4E32B135285F4E8800030D8D /* Screens */ = {
			isa = PBXGroup;
			children = (
				4E32B13F28670F8800030D8D /* Friends */,
				4E32B14028670F9400030D8D /* Groups */,
				4E32B13D28670F7500030D8D /* Login */,
				4E32B14E2868A54100030D8D /* MainMenu */,
				4E32B14128685DC800030D8D /* Models */,
				4E32B13A28670CBD00030D8D /* Navigation */,
				4E32B1512868ABE800030D8D /* News */,
			);
			path = Screens;
			sourceTree = "<group>";
		};
		4E32B13A28670CBD00030D8D /* Navigation */ = {
			isa = PBXGroup;
			children = (
				4E32B13B28670CD600030D8D /* ContainerView.swift */,
			);
			path = Navigation;
			sourceTree = "<group>";
		};
		4E32B13D28670F7500030D8D /* Login */ = {
			isa = PBXGroup;
			children = (
				4E1EB9B6285BACC30033121F /* VKLogin.swift */,
				4E32B154286A0F1B00030D8D /* VKLoginWebView.swift */,
			);
			path = Login;
			sourceTree = "<group>";
		};
		4E32B13F28670F8800030D8D /* Friends */ = {
			isa = PBXGroup;
			children = (
				4E128396285F19DD00CDFFDB /* FriendsCell.swift */,
				4E32B1462868609F00030D8D /* FriendsView.swift */,
				4E32B14A28687B4A00030D8D /* FriendMainMenu.swift */,
			);
			path = Friends;
			sourceTree = "<group>";
		};
		4E32B14028670F9400030D8D /* Groups */ = {
			isa = PBXGroup;
			children = (
				4E32B133285F4AEB00030D8D /* GroupsCell.swift */,
				4E32B148286860B700030D8D /* GroupsView.swift */,
				4E32B14C28687D1C00030D8D /* GroupsMainMenu.swift */,
			);
			path = Groups;
			sourceTree = "<group>";
		};
		4E32B14128685DC800030D8D /* Models */ = {
			isa = PBXGroup;
			children = (
				4E32B14228685DE200030D8D /* Friend.swift */,
				4E32B14428685DED00030D8D /* Group.swift */,
			);
			path = Models;
			sourceTree = "<group>";
		};
		4E32B14E2868A54100030D8D /* MainMenu */ = {
			isa = PBXGroup;
			children = (
				4E32B14F2868A57100030D8D /* MainMenuView.swift */,
			);
			path = MainMenu;
			sourceTree = "<group>";
		};
		4E32B1512868ABE800030D8D /* News */ = {
			isa = PBXGroup;
			children = (
				4E32B1522868ABF700030D8D /* NewsView.swift */,
			);
			path = News;
			sourceTree = "<group>";
		};
/* End PBXGroup section */

/* Begin PBXNativeTarget section */
		4E1EB9B0285BACC30033121F /* TestSwiftUI */ = {
			isa = PBXNativeTarget;
			buildConfigurationList = 4E1EB9D5285BACC50033121F /* Build configuration list for PBXNativeTarget "TestSwiftUI" */;
			buildPhases = (
				4E1EB9AD285BACC30033121F /* Sources */,
				4E1EB9AE285BACC30033121F /* Frameworks */,
				4E1EB9AF285BACC30033121F /* Resources */,
			);
			buildRules = (
			);
			dependencies = (
			);
			name = TestSwiftUI;
			productName = TestSwiftUI;
			productReference = 4E1EB9B1285BACC30033121F /* TestSwiftUI.app */;
			productType = "com.apple.product-type.application";
		};
		4E1EB9C0285BACC50033121F /* TestSwiftUITests */ = {
			isa = PBXNativeTarget;
			buildConfigurationList = 4E1EB9D8285BACC50033121F /* Build configuration list for PBXNativeTarget "TestSwiftUITests" */;
			buildPhases = (
				4E1EB9BD285BACC50033121F /* Sources */,
				4E1EB9BE285BACC50033121F /* Frameworks */,
				4E1EB9BF285BACC50033121F /* Resources */,
			);
			buildRules = (
			);
			dependencies = (
				4E1EB9C3285BACC50033121F /* PBXTargetDependency */,
			);
			name = TestSwiftUITests;
			productName = TestSwiftUITests;
			productReference = 4E1EB9C1285BACC50033121F /* TestSwiftUITests.xctest */;
			productType = "com.apple.product-type.bundle.unit-test";
		};
		4E1EB9CA285BACC50033121F /* TestSwiftUIUITests */ = {
			isa = PBXNativeTarget;
			buildConfigurationList = 4E1EB9DB285BACC50033121F /* Build configuration list for PBXNativeTarget "TestSwiftUIUITests" */;
			buildPhases = (
				4E1EB9C7285BACC50033121F /* Sources */,
				4E1EB9C8285BACC50033121F /* Frameworks */,
				4E1EB9C9285BACC50033121F /* Resources */,
			);
			buildRules = (
			);
			dependencies = (
				4E1EB9CD285BACC50033121F /* PBXTargetDependency */,
			);
			name = TestSwiftUIUITests;
			productName = TestSwiftUIUITests;
			productReference = 4E1EB9CB285BACC50033121F /* TestSwiftUIUITests.xctest */;
			productType = "com.apple.product-type.bundle.ui-testing";
		};
/* End PBXNativeTarget section */

/* Begin PBXProject section */
		4E1EB9A9285BACC30033121F /* Project object */ = {
			isa = PBXProject;
			attributes = {
				BuildIndependentTargetsInParallel = 1;
				LastSwiftUpdateCheck = 1320;
				LastUpgradeCheck = 1320;
				TargetAttributes = {
					4E1EB9B0285BACC30033121F = {
						CreatedOnToolsVersion = 13.2.1;
					};
					4E1EB9C0285BACC50033121F = {
						CreatedOnToolsVersion = 13.2.1;
						TestTargetID = 4E1EB9B0285BACC30033121F;
					};
					4E1EB9CA285BACC50033121F = {
						CreatedOnToolsVersion = 13.2.1;
						TestTargetID = 4E1EB9B0285BACC30033121F;
					};
				};
			};
			buildConfigurationList = 4E1EB9AC285BACC30033121F /* Build configuration list for PBXProject "TestSwiftUI" */;
			compatibilityVersion = "Xcode 13.0";
			developmentRegion = en;
			hasScannedForEncodings = 0;
			knownRegions = (
				en,
				Base,
			);
			mainGroup = 4E1EB9A8285BACC30033121F;
			productRefGroup = 4E1EB9B2285BACC30033121F /* Products */;
			projectDirPath = "";
			projectRoot = "";
			targets = (
				4E1EB9B0285BACC30033121F /* TestSwiftUI */,
				4E1EB9C0285BACC50033121F /* TestSwiftUITests */,
				4E1EB9CA285BACC50033121F /* TestSwiftUIUITests */,
			);
		};
/* End PBXProject section */

/* Begin PBXResourcesBuildPhase section */
		4E1EB9AF285BACC30033121F /* Resources */ = {
			isa = PBXResourcesBuildPhase;
			buildActionMask = 2147483647;
			files = (
				4E1EB9BC285BACC50033121F /* Preview Assets.xcassets in Resources */,
				4E1EB9B9285BACC50033121F /* Assets.xcassets in Resources */,
			);
			runOnlyForDeploymentPostprocessing = 0;
		};
		4E1EB9BF285BACC50033121F /* Resources */ = {
			isa = PBXResourcesBuildPhase;
			buildActionMask = 2147483647;
			files = (
			);
			runOnlyForDeploymentPostprocessing = 0;
		};
		4E1EB9C9285BACC50033121F /* Resources */ = {
			isa = PBXResourcesBuildPhase;
			buildActionMask = 2147483647;
			files = (
			);
			runOnlyForDeploymentPostprocessing = 0;
		};
/* End PBXResourcesBuildPhase section */

/* Begin PBXSourcesBuildPhase section */
		4E1EB9AD285BACC30033121F /* Sources */ = {
			isa = PBXSourcesBuildPhase;
			buildActionMask = 2147483647;
			files = (
				4E32B14528685DED00030D8D /* Group.swift in Sources */,
				4E32B131285F48DF00030D8D /* IconImageViewBuilder.swift in Sources */,
				4E32B1502868A57100030D8D /* MainMenuView.swift in Sources */,
				4E1EB9B7285BACC30033121F /* VKLogin.swift in Sources */,
				4E32B155286A0F1B00030D8D /* VKLoginWebView.swift in Sources */,
				4E32B13C28670CD600030D8D /* ContainerView.swift in Sources */,
				4E32B1532868ABF700030D8D /* NewsView.swift in Sources */,
				4E32B12E285F389800030D8D /* CircleShadow.swift in Sources */,
				4E32B14D28687D1C00030D8D /* GroupsMainMenu.swift in Sources */,
				4E32B134285F4AEB00030D8D /* GroupsCell.swift in Sources */,
				4E32B149286860B700030D8D /* GroupsView.swift in Sources */,
				4E32B139285F511A00030D8D /* NameTextViewBuilder.swift in Sources */,
				4E32B1472868609F00030D8D /* FriendsView.swift in Sources */,
				4E1EB9B5285BACC30033121F /* TestSwiftUIApp.swift in Sources */,
				4E32B14328685DE200030D8D /* Friend.swift in Sources */,
				4E32B137285F4F6A00030D8D /* BackgroundImage.swift in Sources */,
				4E128397285F19DD00CDFFDB /* FriendsCell.swift in Sources */,
				4E32B14B28687B4A00030D8D /* FriendMainMenu.swift in Sources */,
			);
			runOnlyForDeploymentPostprocessing = 0;
		};
		4E1EB9BD285BACC50033121F /* Sources */ = {
			isa = PBXSourcesBuildPhase;
			buildActionMask = 2147483647;
			files = (
				4E1EB9C6285BACC50033121F /* TestSwiftUITests.swift in Sources */,
			);
			runOnlyForDeploymentPostprocessing = 0;
		};
		4E1EB9C7285BACC50033121F /* Sources */ = {
			isa = PBXSourcesBuildPhase;
			buildActionMask = 2147483647;
			files = (
				4E1EB9D2285BACC50033121F /* TestSwiftUIUITestsLaunchTests.swift in Sources */,
				4E1EB9D0285BACC50033121F /* TestSwiftUIUITests.swift in Sources */,
			);
			runOnlyForDeploymentPostprocessing = 0;
		};
/* End PBXSourcesBuildPhase section */

/* Begin PBXTargetDependency section */
		4E1EB9C3285BACC50033121F /* PBXTargetDependency */ = {
			isa = PBXTargetDependency;
			target = 4E1EB9B0285BACC30033121F /* TestSwiftUI */;
			targetProxy = 4E1EB9C2285BACC50033121F /* PBXContainerItemProxy */;
		};
		4E1EB9CD285BACC50033121F /* PBXTargetDependency */ = {
			isa = PBXTargetDependency;
			target = 4E1EB9B0285BACC30033121F /* TestSwiftUI */;
			targetProxy = 4E1EB9CC285BACC50033121F /* PBXContainerItemProxy */;
		};
/* End PBXTargetDependency section */

/* Begin XCBuildConfiguration section */
		4E1EB9D3285BACC50033121F /* Debug */ = {
			isa = XCBuildConfiguration;
			buildSettings = {
				ALWAYS_SEARCH_USER_PATHS = NO;
				CLANG_ANALYZER_NONNULL = YES;
				CLANG_ANALYZER_NUMBER_OBJECT_CONVERSION = YES_AGGRESSIVE;
				CLANG_CXX_LANGUAGE_STANDARD = "gnu++17";
				CLANG_CXX_LIBRARY = "libc++";
				CLANG_ENABLE_MODULES = YES;
				CLANG_ENABLE_OBJC_ARC = YES;
				CLANG_ENABLE_OBJC_WEAK = YES;
				CLANG_WARN_BLOCK_CAPTURE_AUTORELEASING = YES;
				CLANG_WARN_BOOL_CONVERSION = YES;
				CLANG_WARN_COMMA = YES;
				CLANG_WARN_CONSTANT_CONVERSION = YES;
				CLANG_WARN_DEPRECATED_OBJC_IMPLEMENTATIONS = YES;
				CLANG_WARN_DIRECT_OBJC_ISA_USAGE = YES_ERROR;
				CLANG_WARN_DOCUMENTATION_COMMENTS = YES;
				CLANG_WARN_EMPTY_BODY = YES;
				CLANG_WARN_ENUM_CONVERSION = YES;
				CLANG_WARN_INFINITE_RECURSION = YES;
				CLANG_WARN_INT_CONVERSION = YES;
				CLANG_WARN_NON_LITERAL_NULL_CONVERSION = YES;
				CLANG_WARN_OBJC_IMPLICIT_RETAIN_SELF = YES;
				CLANG_WARN_OBJC_LITERAL_CONVERSION = YES;
				CLANG_WARN_OBJC_ROOT_CLASS = YES_ERROR;
				CLANG_WARN_QUOTED_INCLUDE_IN_FRAMEWORK_HEADER = YES;
				CLANG_WARN_RANGE_LOOP_ANALYSIS = YES;
				CLANG_WARN_STRICT_PROTOTYPES = YES;
				CLANG_WARN_SUSPICIOUS_MOVE = YES;
				CLANG_WARN_UNGUARDED_AVAILABILITY = YES_AGGRESSIVE;
				CLANG_WARN_UNREACHABLE_CODE = YES;
				CLANG_WARN__DUPLICATE_METHOD_MATCH = YES;
				COPY_PHASE_STRIP = NO;
				DEBUG_INFORMATION_FORMAT = dwarf;
				ENABLE_STRICT_OBJC_MSGSEND = YES;
				ENABLE_TESTABILITY = YES;
				GCC_C_LANGUAGE_STANDARD = gnu11;
				GCC_DYNAMIC_NO_PIC = NO;
				GCC_NO_COMMON_BLOCKS = YES;
				GCC_OPTIMIZATION_LEVEL = 0;
				GCC_PREPROCESSOR_DEFINITIONS = (
					"DEBUG=1",
					"$(inherited)",
				);
				GCC_WARN_64_TO_32_BIT_CONVERSION = YES;
				GCC_WARN_ABOUT_RETURN_TYPE = YES_ERROR;
				GCC_WARN_UNDECLARED_SELECTOR = YES;
				GCC_WARN_UNINITIALIZED_AUTOS = YES_AGGRESSIVE;
				GCC_WARN_UNUSED_FUNCTION = YES;
				GCC_WARN_UNUSED_VARIABLE = YES;
				IPHONEOS_DEPLOYMENT_TARGET = 15.2;
				MTL_ENABLE_DEBUG_INFO = INCLUDE_SOURCE;
				MTL_FAST_MATH = YES;
				ONLY_ACTIVE_ARCH = YES;
				SDKROOT = iphoneos;
				SWIFT_ACTIVE_COMPILATION_CONDITIONS = DEBUG;
				SWIFT_OPTIMIZATION_LEVEL = "-Onone";
			};
			name = Debug;
		};
		4E1EB9D4285BACC50033121F /* Release */ = {
			isa = XCBuildConfiguration;
			buildSettings = {
				ALWAYS_SEARCH_USER_PATHS = NO;
				CLANG_ANALYZER_NONNULL = YES;
				CLANG_ANALYZER_NUMBER_OBJECT_CONVERSION = YES_AGGRESSIVE;
				CLANG_CXX_LANGUAGE_STANDARD = "gnu++17";
				CLANG_CXX_LIBRARY = "libc++";
				CLANG_ENABLE_MODULES = YES;
				CLANG_ENABLE_OBJC_ARC = YES;
				CLANG_ENABLE_OBJC_WEAK = YES;
				CLANG_WARN_BLOCK_CAPTURE_AUTORELEASING = YES;
				CLANG_WARN_BOOL_CONVERSION = YES;
				CLANG_WARN_COMMA = YES;
				CLANG_WARN_CONSTANT_CONVERSION = YES;
				CLANG_WARN_DEPRECATED_OBJC_IMPLEMENTATIONS = YES;
				CLANG_WARN_DIRECT_OBJC_ISA_USAGE = YES_ERROR;
				CLANG_WARN_DOCUMENTATION_COMMENTS = YES;
				CLANG_WARN_EMPTY_BODY = YES;
				CLANG_WARN_ENUM_CONVERSION = YES;
				CLANG_WARN_INFINITE_RECURSION = YES;
				CLANG_WARN_INT_CONVERSION = YES;
				CLANG_WARN_NON_LITERAL_NULL_CONVERSION = YES;
				CLANG_WARN_OBJC_IMPLICIT_RETAIN_SELF = YES;
				CLANG_WARN_OBJC_LITERAL_CONVERSION = YES;
				CLANG_WARN_OBJC_ROOT_CLASS = YES_ERROR;
				CLANG_WARN_QUOTED_INCLUDE_IN_FRAMEWORK_HEADER = YES;
				CLANG_WARN_RANGE_LOOP_ANALYSIS = YES;
				CLANG_WARN_STRICT_PROTOTYPES = YES;
				CLANG_WARN_SUSPICIOUS_MOVE = YES;
				CLANG_WARN_UNGUARDED_AVAILABILITY = YES_AGGRESSIVE;
				CLANG_WARN_UNREACHABLE_CODE = YES;
				CLANG_WARN__DUPLICATE_METHOD_MATCH = YES;
				COPY_PHASE_STRIP = NO;
				DEBUG_INFORMATION_FORMAT = "dwarf-with-dsym";
				ENABLE_NS_ASSERTIONS = NO;
				ENABLE_STRICT_OBJC_MSGSEND = YES;
				GCC_C_LANGUAGE_STANDARD = gnu11;
				GCC_NO_COMMON_BLOCKS = YES;
				GCC_WARN_64_TO_32_BIT_CONVERSION = YES;
				GCC_WARN_ABOUT_RETURN_TYPE = YES_ERROR;
				GCC_WARN_UNDECLARED_SELECTOR = YES;
				GCC_WARN_UNINITIALIZED_AUTOS = YES_AGGRESSIVE;
				GCC_WARN_UNUSED_FUNCTION = YES;
				GCC_WARN_UNUSED_VARIABLE = YES;
				IPHONEOS_DEPLOYMENT_TARGET = 15.2;
				MTL_ENABLE_DEBUG_INFO = NO;
				MTL_FAST_MATH = YES;
				SDKROOT = iphoneos;
				SWIFT_COMPILATION_MODE = wholemodule;
				SWIFT_OPTIMIZATION_LEVEL = "-O";
				VALIDATE_PRODUCT = YES;
			};
			name = Release;
		};
		4E1EB9D6285BACC50033121F /* Debug */ = {
			isa = XCBuildConfiguration;
			buildSettings = {
				ASSETCATALOG_COMPILER_APPICON_NAME = AppIcon;
				ASSETCATALOG_COMPILER_GLOBAL_ACCENT_COLOR_NAME = AccentColor;
				CODE_SIGN_STYLE = Automatic;
				CURRENT_PROJECT_VERSION = 1;
				DEVELOPMENT_ASSET_PATHS = "\"TestSwiftUI/Preview Content\"";
				DEVELOPMENT_TEAM = 73NUYU5X4U;
				ENABLE_PREVIEWS = YES;
				GENERATE_INFOPLIST_FILE = YES;
				INFOPLIST_KEY_UIApplicationSceneManifest_Generation = YES;
				INFOPLIST_KEY_UIApplicationSupportsIndirectInputEvents = YES;
				INFOPLIST_KEY_UILaunchScreen_Generation = YES;
				INFOPLIST_KEY_UISupportedInterfaceOrientations_iPad = "UIInterfaceOrientationPortrait UIInterfaceOrientationPortraitUpsideDown UIInterfaceOrientationLandscapeLeft UIInterfaceOrientationLandscapeRight";
				INFOPLIST_KEY_UISupportedInterfaceOrientations_iPhone = "UIInterfaceOrientationPortrait UIInterfaceOrientationLandscapeLeft UIInterfaceOrientationLandscapeRight";
				LD_RUNPATH_SEARCH_PATHS = (
					"$(inherited)",
					"@executable_path/Frameworks",
				);
				MARKETING_VERSION = 1.0;
				PRODUCT_BUNDLE_IDENTIFIER = Ovanes.TestSwiftUI;
				PRODUCT_NAME = "$(TARGET_NAME)";
				SWIFT_EMIT_LOC_STRINGS = YES;
				SWIFT_VERSION = 5.0;
				TARGETED_DEVICE_FAMILY = "1,2";
			};
			name = Debug;
		};
		4E1EB9D7285BACC50033121F /* Release */ = {
			isa = XCBuildConfiguration;
			buildSettings = {
				ASSETCATALOG_COMPILER_APPICON_NAME = AppIcon;
				ASSETCATALOG_COMPILER_GLOBAL_ACCENT_COLOR_NAME = AccentColor;
				CODE_SIGN_STYLE = Automatic;
				CURRENT_PROJECT_VERSION = 1;
				DEVELOPMENT_ASSET_PATHS = "\"TestSwiftUI/Preview Content\"";
				DEVELOPMENT_TEAM = 73NUYU5X4U;
				ENABLE_PREVIEWS = YES;
				GENERATE_INFOPLIST_FILE = YES;
				INFOPLIST_KEY_UIApplicationSceneManifest_Generation = YES;
				INFOPLIST_KEY_UIApplicationSupportsIndirectInputEvents = YES;
				INFOPLIST_KEY_UILaunchScreen_Generation = YES;
				INFOPLIST_KEY_UISupportedInterfaceOrientations_iPad = "UIInterfaceOrientationPortrait UIInterfaceOrientationPortraitUpsideDown UIInterfaceOrientationLandscapeLeft UIInterfaceOrientationLandscapeRight";
				INFOPLIST_KEY_UISupportedInterfaceOrientations_iPhone = "UIInterfaceOrientationPortrait UIInterfaceOrientationLandscapeLeft UIInterfaceOrientationLandscapeRight";
				LD_RUNPATH_SEARCH_PATHS = (
					"$(inherited)",
					"@executable_path/Frameworks",
				);
				MARKETING_VERSION = 1.0;
				PRODUCT_BUNDLE_IDENTIFIER = Ovanes.TestSwiftUI;
				PRODUCT_NAME = "$(TARGET_NAME)";
				SWIFT_EMIT_LOC_STRINGS = YES;
				SWIFT_VERSION = 5.0;
				TARGETED_DEVICE_FAMILY = "1,2";
			};
			name = Release;
		};
		4E1EB9D9285BACC50033121F /* Debug */ = {
			isa = XCBuildConfiguration;
			buildSettings = {
				ALWAYS_EMBED_SWIFT_STANDARD_LIBRARIES = YES;
				BUNDLE_LOADER = "$(TEST_HOST)";
				CODE_SIGN_STYLE = Automatic;
				CURRENT_PROJECT_VERSION = 1;
				DEVELOPMENT_TEAM = 73NUYU5X4U;
				GENERATE_INFOPLIST_FILE = YES;
				IPHONEOS_DEPLOYMENT_TARGET = 15.2;
				MARKETING_VERSION = 1.0;
				PRODUCT_BUNDLE_IDENTIFIER = Ovanes.TestSwiftUITests;
				PRODUCT_NAME = "$(TARGET_NAME)";
				SWIFT_EMIT_LOC_STRINGS = NO;
				SWIFT_VERSION = 5.0;
				TARGETED_DEVICE_FAMILY = "1,2";
				TEST_HOST = "$(BUILT_PRODUCTS_DIR)/TestSwiftUI.app/TestSwiftUI";
			};
			name = Debug;
		};
		4E1EB9DA285BACC50033121F /* Release */ = {
			isa = XCBuildConfiguration;
			buildSettings = {
				ALWAYS_EMBED_SWIFT_STANDARD_LIBRARIES = YES;
				BUNDLE_LOADER = "$(TEST_HOST)";
				CODE_SIGN_STYLE = Automatic;
				CURRENT_PROJECT_VERSION = 1;
				DEVELOPMENT_TEAM = 73NUYU5X4U;
				GENERATE_INFOPLIST_FILE = YES;
				IPHONEOS_DEPLOYMENT_TARGET = 15.2;
				MARKETING_VERSION = 1.0;
				PRODUCT_BUNDLE_IDENTIFIER = Ovanes.TestSwiftUITests;
				PRODUCT_NAME = "$(TARGET_NAME)";
				SWIFT_EMIT_LOC_STRINGS = NO;
				SWIFT_VERSION = 5.0;
				TARGETED_DEVICE_FAMILY = "1,2";
				TEST_HOST = "$(BUILT_PRODUCTS_DIR)/TestSwiftUI.app/TestSwiftUI";
			};
			name = Release;
		};
		4E1EB9DC285BACC50033121F /* Debug */ = {
			isa = XCBuildConfiguration;
			buildSettings = {
				ALWAYS_EMBED_SWIFT_STANDARD_LIBRARIES = YES;
				CODE_SIGN_STYLE = Automatic;
				CURRENT_PROJECT_VERSION = 1;
				DEVELOPMENT_TEAM = 73NUYU5X4U;
				GENERATE_INFOPLIST_FILE = YES;
				MARKETING_VERSION = 1.0;
				PRODUCT_BUNDLE_IDENTIFIER = Ovanes.TestSwiftUIUITests;
				PRODUCT_NAME = "$(TARGET_NAME)";
				SWIFT_EMIT_LOC_STRINGS = NO;
				SWIFT_VERSION = 5.0;
				TARGETED_DEVICE_FAMILY = "1,2";
				TEST_TARGET_NAME = TestSwiftUI;
			};
			name = Debug;
		};
		4E1EB9DD285BACC50033121F /* Release */ = {
			isa = XCBuildConfiguration;
			buildSettings = {
				ALWAYS_EMBED_SWIFT_STANDARD_LIBRARIES = YES;
				CODE_SIGN_STYLE = Automatic;
				CURRENT_PROJECT_VERSION = 1;
				DEVELOPMENT_TEAM = 73NUYU5X4U;
				GENERATE_INFOPLIST_FILE = YES;
				MARKETING_VERSION = 1.0;
				PRODUCT_BUNDLE_IDENTIFIER = Ovanes.TestSwiftUIUITests;
				PRODUCT_NAME = "$(TARGET_NAME)";
				SWIFT_EMIT_LOC_STRINGS = NO;
				SWIFT_VERSION = 5.0;
				TARGETED_DEVICE_FAMILY = "1,2";
				TEST_TARGET_NAME = TestSwiftUI;
			};
			name = Release;
		};
/* End XCBuildConfiguration section */

/* Begin XCConfigurationList section */
		4E1EB9AC285BACC30033121F /* Build configuration list for PBXProject "TestSwiftUI" */ = {
			isa = XCConfigurationList;
			buildConfigurations = (
				4E1EB9D3285BACC50033121F /* Debug */,
				4E1EB9D4285BACC50033121F /* Release */,
			);
			defaultConfigurationIsVisible = 0;
			defaultConfigurationName = Release;
		};
		4E1EB9D5285BACC50033121F /* Build configuration list for PBXNativeTarget "TestSwiftUI" */ = {
			isa = XCConfigurationList;
			buildConfigurations = (
				4E1EB9D6285BACC50033121F /* Debug */,
				4E1EB9D7285BACC50033121F /* Release */,
			);
			defaultConfigurationIsVisible = 0;
			defaultConfigurationName = Release;
		};
		4E1EB9D8285BACC50033121F /* Build configuration list for PBXNativeTarget "TestSwiftUITests" */ = {
			isa = XCConfigurationList;
			buildConfigurations = (
				4E1EB9D9285BACC50033121F /* Debug */,
				4E1EB9DA285BACC50033121F /* Release */,
			);
			defaultConfigurationIsVisible = 0;
			defaultConfigurationName = Release;
		};
		4E1EB9DB285BACC50033121F /* Build configuration list for PBXNativeTarget "TestSwiftUIUITests" */ = {
			isa = XCConfigurationList;
			buildConfigurations = (
				4E1EB9DC285BACC50033121F /* Debug */,
				4E1EB9DD285BACC50033121F /* Release */,
			);
			defaultConfigurationIsVisible = 0;
			defaultConfigurationName = Release;
		};
/* End XCConfigurationList section */
	};
	rootObject = 4E1EB9A9285BACC30033121F /* Project object */;
}
